
Microsoft Visual Studio Solution File, Format Version 12.00
# Visual Studio 15
VisualStudioVersion = 15.0.27428.2015
MinimumVisualStudioVersion = 10.0.40219.1
Project("{FAE04EC0-301F-11D3-BF4B-00C04F79EFBC}") = "UserList", "UserList\UserList.csproj", "{13969B29-8989-401E-9C0E-90B1C396BF95}"
EndProject
Global
	GlobalSection(SolutionConfigurationPlatforms) = preSolution
		Debug|Any CPU = Debug|Any CPU
		Release|Any CPU = Release|Any CPU
	EndGlobalSection
	GlobalSection(ProjectConfigurationPlatforms) = postSolution
		{13969B29-8989-401E-9C0E-90B1C396BF95}.Debug|Any CPU.ActiveCfg = Debug|Any CPU
		{13969B29-8989-401E-9C0E-90B1C396BF95}.Debug|Any CPU.Build.0 = Debug|Any CPU
		{13969B29-8989-401E-9C0E-90B1C396BF95}.Release|Any CPU.ActiveCfg = Release|Any CPU
		{13969B29-8989-401E-9C0E-90B1C396BF95}.Release|Any CPU.Build.0 = Release|Any CPU
	EndGlobalSection
	GlobalSection(SolutionProperties) = preSolution
		HideSolutionNode = FALSE
	EndGlobalSection
	GlobalSection(ExtensibilityGlobals) = postSolution
		SolutionGuid = {AFB8D0C7-D467-485B-B270-C6569EE980FB}
	EndGlobalSection
EndGlobal
